// !$*UTF8*$!
{
	archiveVersion = 1;
	classes = {
	};
	objectVersion = 46;
	objects = {

/* Begin PBXBuildFile section */
		1FB0A8181E52380F00E552A0 /* AppDelegate.m in Sources */ = {isa = PBXBuildFile; fileRef = 1FB0A8171E52380F00E552A0 /* AppDelegate.m */; };
		1FB0A81B1E52380F00E552A0 /* main.m in Sources */ = {isa = PBXBuildFile; fileRef = 1FB0A81A1E52380F00E552A0 /* main.m */; };
		1FB0A81D1E52380F00E552A0 /* Assets.xcassets in Resources */ = {isa = PBXBuildFile; fileRef = 1FB0A81C1E52380F00E552A0 /* Assets.xcassets */; };
		1FB0A8201E52380F00E552A0 /* MainMenu.xib in Resources */ = {isa = PBXBuildFile; fileRef = 1FB0A81E1E52380F00E552A0 /* MainMenu.xib */; };
		1FB0A82B1E52380F00E552A0 /* FlowChatUITests.m in Sources */ = {isa = PBXBuildFile; fileRef = 1FB0A82A1E52380F00E552A0 /* FlowChatUITests.m */; };
		1FB0A8391E52385900E552A0 /* MPWFoundation.framework in Frameworks */ = {isa = PBXBuildFile; fileRef = 1FB0A8381E52385900E552A0 /* MPWFoundation.framework */; };
/* End PBXBuildFile section */

/* Begin PBXContainerItemProxy section */
		1FB0A8271E52380F00E552A0 /* PBXContainerItemProxy */ = {
			isa = PBXContainerItemProxy;
			containerPortal = 1FB0A80B1E52380F00E552A0 /* Project object */;
			proxyType = 1;
			remoteGlobalIDString = 1FB0A8121E52380F00E552A0;
			remoteInfo = FlowChat;
		};
/* End PBXContainerItemProxy section */

/* Begin PBXFileReference section */
		1FB0A8131E52380F00E552A0 /* FlowChat.app */ = {isa = PBXFileReference; explicitFileType = wrapper.application; includeInIndex = 0; path = FlowChat.app; sourceTree = BUILT_PRODUCTS_DIR; };
		1FB0A8161E52380F00E552A0 /* AppDelegate.h */ = {isa = PBXFileReference; lastKnownFileType = sourcecode.c.h; path = AppDelegate.h; sourceTree = "<group>"; };
		1FB0A8171E52380F00E552A0 /* AppDelegate.m */ = {isa = PBXFileReference; lastKnownFileType = sourcecode.c.objc; path = AppDelegate.m; sourceTree = "<group>"; };
		1FB0A81A1E52380F00E552A0 /* main.m */ = {isa = PBXFileReference; lastKnownFileType = sourcecode.c.objc; path = main.m; sourceTree = "<group>"; };
		1FB0A81C1E52380F00E552A0 /* Assets.xcassets */ = {isa = PBXFileReference; lastKnownFileType = folder.assetcatalog; path = Assets.xcassets; sourceTree = "<group>"; };
		1FB0A81F1E52380F00E552A0 /* Base */ = {isa = PBXFileReference; lastKnownFileType = file.xib; name = Base; path = Base.lproj/MainMenu.xib; sourceTree = "<group>"; };
		1FB0A8211E52380F00E552A0 /* Info.plist */ = {isa = PBXFileReference; lastKnownFileType = text.plist.xml; path = Info.plist; sourceTree = "<group>"; };
		1FB0A8261E52380F00E552A0 /* FlowChatUITests.xctest */ = {isa = PBXFileReference; explicitFileType = wrapper.cfbundle; includeInIndex = 0; path = FlowChatUITests.xctest; sourceTree = BUILT_PRODUCTS_DIR; };
		1FB0A82A1E52380F00E552A0 /* FlowChatUITests.m */ = {isa = PBXFileReference; lastKnownFileType = sourcecode.c.objc; path = FlowChatUITests.m; sourceTree = "<group>"; };
		1FB0A82C1E52381000E552A0 /* Info.plist */ = {isa = PBXFileReference; lastKnownFileType = text.plist.xml; path = Info.plist; sourceTree = "<group>"; };
		1FB0A8361E52385200E552A0 /* ObjectiveSmalltalk.framework */ = {isa = PBXFileReference; lastKnownFileType = wrapper.framework; path = ObjectiveSmalltalk.framework; sourceTree = BUILT_PRODUCTS_DIR; };
		1FB0A8381E52385900E552A0 /* MPWFoundation.framework */ = {isa = PBXFileReference; lastKnownFileType = wrapper.framework; path = MPWFoundation.framework; sourceTree = BUILT_PRODUCTS_DIR; };
		1FB0A83A1E52386800E552A0 /* MethodServer.framework */ = {isa = PBXFileReference; lastKnownFileType = wrapper.framework; path = MethodServer.framework; sourceTree = BUILT_PRODUCTS_DIR; };
/* End PBXFileReference section */

/* Begin PBXFrameworksBuildPhase section */
		1FB0A8101E52380F00E552A0 /* Frameworks */ = {
			isa = PBXFrameworksBuildPhase;
			buildActionMask = 2147483647;
			files = (
				1FB0A8391E52385900E552A0 /* MPWFoundation.framework in Frameworks */,
			);
			runOnlyForDeploymentPostprocessing = 0;
		};
		1FB0A8231E52380F00E552A0 /* Frameworks */ = {
			isa = PBXFrameworksBuildPhase;
			buildActionMask = 2147483647;
			files = (
			);
			runOnlyForDeploymentPostprocessing = 0;
		};
/* End PBXFrameworksBuildPhase section */

/* Begin PBXGroup section */
		1FB0A80A1E52380F00E552A0 = {
			isa = PBXGroup;
			children = (
				1FB0A8151E52380F00E552A0 /* FlowChat */,
				1FB0A8291E52380F00E552A0 /* FlowChatUITests */,
				1FB0A8141E52380F00E552A0 /* Products */,
				1FB0A8351E52385200E552A0 /* Frameworks */,
			);
			sourceTree = "<group>";
		};
		1FB0A8141E52380F00E552A0 /* Products */ = {
			isa = PBXGroup;
			children = (
				1FB0A8131E52380F00E552A0 /* FlowChat.app */,
				1FB0A8261E52380F00E552A0 /* FlowChatUITests.xctest */,
			);
			name = Products;
			sourceTree = "<group>";
		};
		1FB0A8151E52380F00E552A0 /* FlowChat */ = {
			isa = PBXGroup;
			children = (
				1FB0A8161E52380F00E552A0 /* AppDelegate.h */,
				1FB0A8171E52380F00E552A0 /* AppDelegate.m */,
				1FB0A81C1E52380F00E552A0 /* Assets.xcassets */,
				1FB0A81E1E52380F00E552A0 /* MainMenu.xib */,
				1FB0A8211E52380F00E552A0 /* Info.plist */,
				1FB0A8191E52380F00E552A0 /* Supporting Files */,
			);
			path = FlowChat;
			sourceTree = "<group>";
		};
		1FB0A8191E52380F00E552A0 /* Supporting Files */ = {
			isa = PBXGroup;
			children = (
				1FB0A81A1E52380F00E552A0 /* main.m */,
			);
			name = "Supporting Files";
			sourceTree = "<group>";
		};
		1FB0A8291E52380F00E552A0 /* FlowChatUITests */ = {
			isa = PBXGroup;
			children = (
				1FB0A82A1E52380F00E552A0 /* FlowChatUITests.m */,
				1FB0A82C1E52381000E552A0 /* Info.plist */,
			);
			path = FlowChatUITests;
			sourceTree = "<group>";
		};
		1FB0A8351E52385200E552A0 /* Frameworks */ = {
			isa = PBXGroup;
			children = (
				1FB0A83A1E52386800E552A0 /* MethodServer.framework */,
				1FB0A8381E52385900E552A0 /* MPWFoundation.framework */,
				1FB0A8361E52385200E552A0 /* ObjectiveSmalltalk.framework */,
			);
			name = Frameworks;
			sourceTree = "<group>";
		};
/* End PBXGroup section */

/* Begin PBXNativeTarget section */
		1FB0A8121E52380F00E552A0 /* FlowChat */ = {
			isa = PBXNativeTarget;
			buildConfigurationList = 1FB0A82F1E52381000E552A0 /* Build configuration list for PBXNativeTarget "FlowChat" */;
			buildPhases = (
				1FB0A80F1E52380F00E552A0 /* Sources */,
				1FB0A8101E52380F00E552A0 /* Frameworks */,
				1FB0A8111E52380F00E552A0 /* Resources */,
			);
			buildRules = (
			);
			dependencies = (
			);
			name = FlowChat;
			productName = FlowChat;
			productReference = 1FB0A8131E52380F00E552A0 /* FlowChat.app */;
			productType = "com.apple.product-type.application";
		};
		1FB0A8251E52380F00E552A0 /* FlowChatUITests */ = {
			isa = PBXNativeTarget;
			buildConfigurationList = 1FB0A8321E52381000E552A0 /* Build configuration list for PBXNativeTarget "FlowChatUITests" */;
			buildPhases = (
				1FB0A8221E52380F00E552A0 /* Sources */,
				1FB0A8231E52380F00E552A0 /* Frameworks */,
				1FB0A8241E52380F00E552A0 /* Resources */,
			);
			buildRules = (
			);
			dependencies = (
				1FB0A8281E52380F00E552A0 /* PBXTargetDependency */,
			);
			name = FlowChatUITests;
			productName = FlowChatUITests;
			productReference = 1FB0A8261E52380F00E552A0 /* FlowChatUITests.xctest */;
			productType = "com.apple.product-type.bundle.ui-testing";
		};
/* End PBXNativeTarget section */

/* Begin PBXProject section */
		1FB0A80B1E52380F00E552A0 /* Project object */ = {
			isa = PBXProject;
			attributes = {
				LastUpgradeCheck = 0820;
				ORGANIZATIONNAME = metaobject;
				TargetAttributes = {
					1FB0A8121E52380F00E552A0 = {
						CreatedOnToolsVersion = 8.2.1;
						DevelopmentTeam = PE4436LT5M;
						ProvisioningStyle = Automatic;
					};
					1FB0A8251E52380F00E552A0 = {
						CreatedOnToolsVersion = 8.2.1;
						DevelopmentTeam = PE4436LT5M;
						ProvisioningStyle = Automatic;
						TestTargetID = 1FB0A8121E52380F00E552A0;
					};
				};
			};
			buildConfigurationList = 1FB0A80E1E52380F00E552A0 /* Build configuration list for PBXProject "FlowChat" */;
			compatibilityVersion = "Xcode 3.2";
			developmentRegion = English;
			hasScannedForEncodings = 0;
			knownRegions = (
				en,
				Base,
			);
			mainGroup = 1FB0A80A1E52380F00E552A0;
			productRefGroup = 1FB0A8141E52380F00E552A0 /* Products */;
			projectDirPath = "";
			projectRoot = "";
			targets = (
				1FB0A8121E52380F00E552A0 /* FlowChat */,
				1FB0A8251E52380F00E552A0 /* FlowChatUITests */,
			);
		};
/* End PBXProject section */

/* Begin PBXResourcesBuildPhase section */
		1FB0A8111E52380F00E552A0 /* Resources */ = {
			isa = PBXResourcesBuildPhase;
			buildActionMask = 2147483647;
			files = (
				1FB0A81D1E52380F00E552A0 /* Assets.xcassets in Resources */,
				1FB0A8201E52380F00E552A0 /* MainMenu.xib in Resources */,
			);
			runOnlyForDeploymentPostprocessing = 0;
		};
		1FB0A8241E52380F00E552A0 /* Resources */ = {
			isa = PBXResourcesBuildPhase;
			buildActionMask = 2147483647;
			files = (
			);
			runOnlyForDeploymentPostprocessing = 0;
		};
/* End PBXResourcesBuildPhase section */

/* Begin PBXSourcesBuildPhase section */
		1FB0A80F1E52380F00E552A0 /* Sources */ = {
			isa = PBXSourcesBuildPhase;
			buildActionMask = 2147483647;
			files = (
				1FB0A81B1E52380F00E552A0 /* main.m in Sources */,
				1FB0A8181E52380F00E552A0 /* AppDelegate.m in Sources */,
			);
			runOnlyForDeploymentPostprocessing = 0;
		};
		1FB0A8221E52380F00E552A0 /* Sources */ = {
			isa = PBXSourcesBuildPhase;
			buildActionMask = 2147483647;
			files = (
				1FB0A82B1E52380F00E552A0 /* FlowChatUITests.m in Sources */,
			);
			runOnlyForDeploymentPostprocessing = 0;
		};
/* End PBXSourcesBuildPhase section */

/* Begin PBXTargetDependency section */
		1FB0A8281E52380F00E552A0 /* PBXTargetDependency */ = {
			isa = PBXTargetDependency;
			target = 1FB0A8121E52380F00E552A0 /* FlowChat */;
			targetProxy = 1FB0A8271E52380F00E552A0 /* PBXContainerItemProxy */;
		};
/* End PBXTargetDependency section */

/* Begin PBXVariantGroup section */
		1FB0A81E1E52380F00E552A0 /* MainMenu.xib */ = {
			isa = PBXVariantGroup;
			children = (
				1FB0A81F1E52380F00E552A0 /* Base */,
			);
			name = MainMenu.xib;
			sourceTree = "<group>";
		};
/* End PBXVariantGroup section */

/* Begin XCBuildConfiguration section */
		1FB0A82D1E52381000E552A0 /* Debug */ = {
			isa = XCBuildConfiguration;
			buildSettings = {
				ALWAYS_SEARCH_USER_PATHS = NO;
				CLANG_ANALYZER_NONNULL = YES;
				CLANG_CXX_LANGUAGE_STANDARD = "gnu++0x";
				CLANG_CXX_LIBRARY = "libc++";
				CLANG_ENABLE_MODULES = YES;
				CLANG_ENABLE_OBJC_ARC = YES;
				CLANG_WARN_BOOL_CONVERSION = YES;
				CLANG_WARN_CONSTANT_CONVERSION = YES;
				CLANG_WARN_DIRECT_OBJC_ISA_USAGE = YES_ERROR;
				CLANG_WARN_DOCUMENTATION_COMMENTS = YES;
				CLANG_WARN_EMPTY_BODY = YES;
				CLANG_WARN_ENUM_CONVERSION = YES;
				CLANG_WARN_INFINITE_RECURSION = YES;
				CLANG_WARN_INT_CONVERSION = YES;
				CLANG_WARN_OBJC_ROOT_CLASS = YES_ERROR;
				CLANG_WARN_SUSPICIOUS_MOVE = YES;
				CLANG_WARN_UNREACHABLE_CODE = YES;
				CLANG_WARN__DUPLICATE_METHOD_MATCH = YES;
				CODE_SIGN_IDENTITY = "-";
				COPY_PHASE_STRIP = NO;
				DEBUG_INFORMATION_FORMAT = dwarf;
				ENABLE_STRICT_OBJC_MSGSEND = YES;
				ENABLE_TESTABILITY = YES;
				GCC_C_LANGUAGE_STANDARD = gnu99;
				GCC_DYNAMIC_NO_PIC = NO;
				GCC_NO_COMMON_BLOCKS = YES;
				GCC_OPTIMIZATION_LEVEL = 0;
				GCC_PREPROCESSOR_DEFINITIONS = (
					"DEBUG=1",
					"$(inherited)",
				);
				GCC_WARN_64_TO_32_BIT_CONVERSION = YES;
				GCC_WARN_ABOUT_RETURN_TYPE = YES_ERROR;
				GCC_WARN_UNDECLARED_SELECTOR = YES;
				GCC_WARN_UNINITIALIZED_AUTOS = YES_AGGRESSIVE;
				GCC_WARN_UNUSED_FUNCTION = YES;
				GCC_WARN_UNUSED_VARIABLE = YES;
				MACOSX_DEPLOYMENT_TARGET = 10.12;
				MTL_ENABLE_DEBUG_INFO = YES;
				ONLY_ACTIVE_ARCH = YES;
				SDKROOT = macosx;
			};
			name = Debug;
		};
		1FB0A82E1E52381000E552A0 /* Release */ = {
			isa = XCBuildConfiguration;
			buildSettings = {
				ALWAYS_SEARCH_USER_PATHS = NO;
				CLANG_ANALYZER_NONNULL = YES;
				CLANG_CXX_LANGUAGE_STANDARD = "gnu++0x";
				CLANG_CXX_LIBRARY = "libc++";
				CLANG_ENABLE_MODULES = YES;
				CLANG_ENABLE_OBJC_ARC = YES;
				CLANG_WARN_BOOL_CONVERSION = YES;
				CLANG_WARN_CONSTANT_CONVERSION = YES;
				CLANG_WARN_DIRECT_OBJC_ISA_USAGE = YES_ERROR;
				CLANG_WARN_DOCUMENTATION_COMMENTS = YES;
				CLANG_WARN_EMPTY_BODY = YES;
				CLANG_WARN_ENUM_CONVERSION = YES;
				CLANG_WARN_INFINITE_RECURSION = YES;
				CLANG_WARN_INT_CONVERSION = YES;
				CLANG_WARN_OBJC_ROOT_CLASS = YES_ERROR;
				CLANG_WARN_SUSPICIOUS_MOVE = YES;
				CLANG_WARN_UNREACHABLE_CODE = YES;
				CLANG_WARN__DUPLICATE_METHOD_MATCH = YES;
				CODE_SIGN_IDENTITY = "-";
				COPY_PHASE_STRIP = NO;
				DEBUG_INFORMATION_FORMAT = "dwarf-with-dsym";
				ENABLE_NS_ASSERTIONS = NO;
				ENABLE_STRICT_OBJC_MSGSEND = YES;
				GCC_C_LANGUAGE_STANDARD = gnu99;
				GCC_NO_COMMON_BLOCKS = YES;
				GCC_WARN_64_TO_32_BIT_CONVERSION = YES;
				GCC_WARN_ABOUT_RETURN_TYPE = YES_ERROR;
				GCC_WARN_UNDECLARED_SELECTOR = YES;
				GCC_WARN_UNINITIALIZED_AUTOS = YES_AGGRESSIVE;
				GCC_WARN_UNUSED_FUNCTION = YES;
				GCC_WARN_UNUSED_VARIABLE = YES;
				MACOSX_DEPLOYMENT_TARGET = 10.12;
				MTL_ENABLE_DEBUG_INFO = NO;
				SDKROOT = macosx;
			};
			name = Release;
		};
		1FB0A8301E52381000E552A0 /* Debug */ = {
			isa = XCBuildConfiguration;
			buildSettings = {
				ASSETCATALOG_COMPILER_APPICON_NAME = AppIcon;
				COMBINE_HIDPI_IMAGES = YES;
				DEVELOPMENT_TEAM = PE4436LT5M;
				INFOPLIST_FILE = FlowChat/Info.plist;
				LD_RUNPATH_SEARCH_PATHS = "$(inherited) @executable_path/../Frameworks";
				PRODUCT_BUNDLE_IDENTIFIER = com.metaobject.FlowChat;
				PRODUCT_NAME = "$(TARGET_NAME)";
			};
			name = Debug;
		};
		1FB0A8311E52381000E552A0 /* Release */ = {
			isa = XCBuildConfiguration;
			buildSettings = {
				ASSETCATALOG_COMPILER_APPICON_NAME = AppIcon;
				COMBINE_HIDPI_IMAGES = YES;
				DEVELOPMENT_TEAM = PE4436LT5M;
				INFOPLIST_FILE = FlowChat/Info.plist;
				LD_RUNPATH_SEARCH_PATHS = "$(inherited) @executable_path/../Frameworks";
				PRODUCT_BUNDLE_IDENTIFIER = com.metaobject.FlowChat;
				PRODUCT_NAME = "$(TARGET_NAME)";
			};
			name = Release;
		};
		1FB0A8331E52381000E552A0 /* Debug */ = {
			isa = XCBuildConfiguration;
			buildSettings = {
				COMBINE_HIDPI_IMAGES = YES;
				DEVELOPMENT_TEAM = PE4436LT5M;
				INFOPLIST_FILE = FlowChatUITests/Info.plist;
				LD_RUNPATH_SEARCH_PATHS = "$(inherited) @executable_path/../Frameworks @loader_path/../Frameworks";
				PRODUCT_BUNDLE_IDENTIFIER = com.metaobject.FlowChatUITests;
				PRODUCT_NAME = "$(TARGET_NAME)";
				TEST_TARGET_NAME = FlowChat;
			};
			name = Debug;
		};
		1FB0A8341E52381000E552A0 /* Release */ = {
			isa = XCBuildConfiguration;
			buildSettings = {
				COMBINE_HIDPI_IMAGES = YES;
				DEVELOPMENT_TEAM = PE4436LT5M;
				INFOPLIST_FILE = FlowChatUITests/Info.plist;
				LD_RUNPATH_SEARCH_PATHS = "$(inherited) @executable_path/../Frameworks @loader_path/../Frameworks";
				PRODUCT_BUNDLE_IDENTIFIER = com.metaobject.FlowChatUITests;
				PRODUCT_NAME = "$(TARGET_NAME)";
				TEST_TARGET_NAME = FlowChat;
			};
			name = Release;
		};
/* End XCBuildConfiguration section */

/* Begin XCConfigurationList section */
		1FB0A80E1E52380F00E552A0 /* Build configuration list for PBXProject "FlowChat" */ = {
			isa = XCConfigurationList;
			buildConfigurations = (
				1FB0A82D1E52381000E552A0 /* Debug */,
				1FB0A82E1E52381000E552A0 /* Release */,
			);
			defaultConfigurationIsVisible = 0;
			defaultConfigurationName = Release;
		};
		1FB0A82F1E52381000E552A0 /* Build configuration list for PBXNativeTarget "FlowChat" */ = {
			isa = XCConfigurationList;
			buildConfigurations = (
				1FB0A8301E52381000E552A0 /* Debug */,
				1FB0A8311E52381000E552A0 /* Release */,
			);
			defaultConfigurationIsVisible = 0;
			defaultConfigurationName = Release;
		};
		1FB0A8321E52381000E552A0 /* Build configuration list for PBXNativeTarget "FlowChatUITests" */ = {
			isa = XCConfigurationList;
			buildConfigurations = (
				1FB0A8331E52381000E552A0 /* Debug */,
				1FB0A8341E52381000E552A0 /* Release */,
			);
			defaultConfigurationIsVisible = 0;
			defaultConfigurationName = Release;
		};
/* End XCConfigurationList section */
	};
	rootObject = 1FB0A80B1E52380F00E552A0 /* Project object */;
}
